
Microsoft Visual Studio Solution File, Format Version 12.00
# Visual Studio Version 17
VisualStudioVersion = 17.7.34024.191
MinimumVisualStudioVersion = 10.0.40219.1
Project("{FAE04EC0-301F-11D3-BF4B-00C04F79EFBC}") = "2", "2\2.csproj", "{3A26538D-3B74-461E-8898-D3BF8997902A}"
EndProject
Global
	GlobalSection(SolutionConfigurationPlatforms) = preSolution
		Debug|Any CPU = Debug|Any CPU
		Release|Any CPU = Release|Any CPU
	EndGlobalSection
	GlobalSection(ProjectConfigurationPlatforms) = postSolution
		{3A26538D-3B74-461E-8898-D3BF8997902A}.Debug|Any CPU.ActiveCfg = Debug|Any CPU
		{3A26538D-3B74-461E-8898-D3BF8997902A}.Debug|Any CPU.Build.0 = Debug|Any CPU
		{3A26538D-3B74-461E-8898-D3BF8997902A}.Release|Any CPU.ActiveCfg = Release|Any CPU
		{3A26538D-3B74-461E-8898-D3BF8997902A}.Release|Any CPU.Build.0 = Release|Any CPU
	EndGlobalSection
	GlobalSection(SolutionProperties) = preSolution
		HideSolutionNode = FALSE
	EndGlobalSection
	GlobalSection(ExtensibilityGlobals) = postSolution
		SolutionGuid = {7F3A0F58-0DB2-4FC8-893F-5151F5A771E7}
	EndGlobalSection
EndGlobal
